
Microsoft Visual Studio Solution File, Format Version 12.00
# Visual Studio Version 17
VisualStudioVersion = 17.6.33801.468
MinimumVisualStudioVersion = 10.0.40219.1
Project("{9A19103F-16F7-4668-BE54-9A1E7A4F7556}") = "ATMWebApp.Web", "ATMWebApp.Web\ATMWebApp.Web.csproj", "{0AC056A0-AD21-4E4A-B597-56F34B488ECA}"
EndProject
Project("{9A19103F-16F7-4668-BE54-9A1E7A4F7556}") = "ATMWebApp.Domain", "ATMWebApp.Domain\ATMWebApp.Domain.csproj", "{66490861-116B-4F16-A60F-51036610359D}"
EndProject
Project("{9A19103F-16F7-4668-BE54-9A1E7A4F7556}") = "ATMWebApp.Common", "ATMWebApp.Common\ATMWebApp.Common.csproj", "{08E6F363-EF3A-4AB5-BD51-5298B78661FA}"
EndProject
Project("{FAE04EC0-301F-11D3-BF4B-00C04F79EFBC}") = "ATMWebApp.Application", "ATMWebApp.Application\ATMWebApp.Application.csproj", "{DB58446D-B60F-4ECF-8DCF-CADCC61C79DD}"
EndProject
Global
	GlobalSection(SolutionConfigurationPlatforms) = preSolution
		Debug|Any CPU = Debug|Any CPU
		Release|Any CPU = Release|Any CPU
	EndGlobalSection
	GlobalSection(ProjectConfigurationPlatforms) = postSolution
		{0AC056A0-AD21-4E4A-B597-56F34B488ECA}.Debug|Any CPU.ActiveCfg = Debug|Any CPU
		{0AC056A0-AD21-4E4A-B597-56F34B488ECA}.Debug|Any CPU.Build.0 = Debug|Any CPU
		{0AC056A0-AD21-4E4A-B597-56F34B488ECA}.Release|Any CPU.ActiveCfg = Release|Any CPU
		{0AC056A0-AD21-4E4A-B597-56F34B488ECA}.Release|Any CPU.Build.0 = Release|Any CPU
		{66490861-116B-4F16-A60F-51036610359D}.Debug|Any CPU.ActiveCfg = Debug|Any CPU
		{66490861-116B-4F16-A60F-51036610359D}.Debug|Any CPU.Build.0 = Debug|Any CPU
		{66490861-116B-4F16-A60F-51036610359D}.Release|Any CPU.ActiveCfg = Release|Any CPU
		{66490861-116B-4F16-A60F-51036610359D}.Release|Any CPU.Build.0 = Release|Any CPU
		{08E6F363-EF3A-4AB5-BD51-5298B78661FA}.Debug|Any CPU.ActiveCfg = Debug|Any CPU
		{08E6F363-EF3A-4AB5-BD51-5298B78661FA}.Debug|Any CPU.Build.0 = Debug|Any CPU
		{08E6F363-EF3A-4AB5-BD51-5298B78661FA}.Release|Any CPU.ActiveCfg = Release|Any CPU
		{08E6F363-EF3A-4AB5-BD51-5298B78661FA}.Release|Any CPU.Build.0 = Release|Any CPU
		{DB58446D-B60F-4ECF-8DCF-CADCC61C79DD}.Debug|Any CPU.ActiveCfg = Debug|Any CPU
		{DB58446D-B60F-4ECF-8DCF-CADCC61C79DD}.Debug|Any CPU.Build.0 = Debug|Any CPU
		{DB58446D-B60F-4ECF-8DCF-CADCC61C79DD}.Release|Any CPU.ActiveCfg = Release|Any CPU
		{DB58446D-B60F-4ECF-8DCF-CADCC61C79DD}.Release|Any CPU.Build.0 = Release|Any CPU
	EndGlobalSection
	GlobalSection(SolutionProperties) = preSolution
		HideSolutionNode = FALSE
	EndGlobalSection
	GlobalSection(ExtensibilityGlobals) = postSolution
		SolutionGuid = {733FC9E2-D8E6-4389-9F21-4FD018FF11C1}
	EndGlobalSection
EndGlobal
